
Microsoft Visual Studio Solution File, Format Version 12.00
Project("{FAE04EC0-301F-11D3-BF4B-00C04F79EFBC}") = "Singleton", "Singleton\Singleton.csproj", "{699ABB09-CEC1-4536-B704-C9E779CADEDC}"
EndProject
Global
	GlobalSection(SolutionConfigurationPlatforms) = preSolution
		Debug|Any CPU = Debug|Any CPU
		Release|Any CPU = Release|Any CPU
	EndGlobalSection
	GlobalSection(ProjectConfigurationPlatforms) = postSolution
		{699ABB09-CEC1-4536-B704-C9E779CADEDC}.Debug|Any CPU.ActiveCfg = Debug|Any CPU
		{699ABB09-CEC1-4536-B704-C9E779CADEDC}.Debug|Any CPU.Build.0 = Debug|Any CPU
		{699ABB09-CEC1-4536-B704-C9E779CADEDC}.Release|Any CPU.ActiveCfg = Release|Any CPU
		{699ABB09-CEC1-4536-B704-C9E779CADEDC}.Release|Any CPU.Build.0 = Release|Any CPU
	EndGlobalSection
EndGlobal
